// !$*UTF8*$!
{
	archiveVersion = 1;
	classes = {
	};
	objectVersion = 56;
	objects = {

/* Begin PBXBuildFile section */
		2CB2AD4C2A10CB620086445A /* UIColor+.swift in Sources */ = {isa = PBXBuildFile; fileRef = 2CB2AD4B2A10CB620086445A /* UIColor+.swift */; };
		2CB2AD5C2A10D8FF0086445A /* SpoqaHanSansNeo-Bold.otf in Resources */ = {isa = PBXBuildFile; fileRef = 2CB2AD572A10D8FF0086445A /* SpoqaHanSansNeo-Bold.otf */; };
		2CB2AD5D2A10D8FF0086445A /* SpoqaHanSansNeo-Medium.otf in Resources */ = {isa = PBXBuildFile; fileRef = 2CB2AD582A10D8FF0086445A /* SpoqaHanSansNeo-Medium.otf */; };
		2CB2AD5E2A10D8FF0086445A /* SpoqaHanSansNeo-Light.otf in Resources */ = {isa = PBXBuildFile; fileRef = 2CB2AD592A10D8FF0086445A /* SpoqaHanSansNeo-Light.otf */; };
		2CB2AD5F2A10D8FF0086445A /* SpoqaHanSansNeo-Regular.otf in Resources */ = {isa = PBXBuildFile; fileRef = 2CB2AD5A2A10D8FF0086445A /* SpoqaHanSansNeo-Regular.otf */; };
		2CB2AD602A10D8FF0086445A /* SpoqaHanSansNeo-Thin.otf in Resources */ = {isa = PBXBuildFile; fileRef = 2CB2AD5B2A10D8FF0086445A /* SpoqaHanSansNeo-Thin.otf */; };
		2CB2AD622A10D9240086445A /* UIFont+.swift in Sources */ = {isa = PBXBuildFile; fileRef = 2CB2AD612A10D9240086445A /* UIFont+.swift */; };
		2CDCEC552A0F7CFA009E6039 /* AppDelegate.swift in Sources */ = {isa = PBXBuildFile; fileRef = 2CDCEC542A0F7CFA009E6039 /* AppDelegate.swift */; };
		2CDCEC572A0F7CFA009E6039 /* SceneDelegate.swift in Sources */ = {isa = PBXBuildFile; fileRef = 2CDCEC562A0F7CFA009E6039 /* SceneDelegate.swift */; };
		2CDCEC5E2A0F7CFB009E6039 /* Assets.xcassets in Resources */ = {isa = PBXBuildFile; fileRef = 2CDCEC5D2A0F7CFB009E6039 /* Assets.xcassets */; };
		2CDCEC612A0F7CFB009E6039 /* LaunchScreen.storyboard in Resources */ = {isa = PBXBuildFile; fileRef = 2CDCEC5F2A0F7CFB009E6039 /* LaunchScreen.storyboard */; };
		2CDCEC6A2A0F7D23009E6039 /* Alamofire in Frameworks */ = {isa = PBXBuildFile; productRef = 2CDCEC692A0F7D23009E6039 /* Alamofire */; };
		2CDCEC6D2A0F7D2D009E6039 /* SnapKit in Frameworks */ = {isa = PBXBuildFile; productRef = 2CDCEC6C2A0F7D2D009E6039 /* SnapKit */; };
		2CDCEC702A0F7D37009E6039 /* Then in Frameworks */ = {isa = PBXBuildFile; productRef = 2CDCEC6F2A0F7D37009E6039 /* Then */; };
		2CDCEC732A0F7D4F009E6039 /* Kingfisher in Frameworks */ = {isa = PBXBuildFile; productRef = 2CDCEC722A0F7D4F009E6039 /* Kingfisher */; };
		A5552D472A154FBC00835B40 /* TabBarController.swift in Sources */ = {isa = PBXBuildFile; fileRef = A5552D462A154FBC00835B40 /* TabBarController.swift */; };
		A5E2DEDD2A15E364002A60A4 /* MainViewController.swift in Sources */ = {isa = PBXBuildFile; fileRef = A5E2DEDC2A15E364002A60A4 /* MainViewController.swift */; };
		A5E2DEDF2A15F76B002A60A4 /* MainView.swift in Sources */ = {isa = PBXBuildFile; fileRef = A5E2DEDE2A15F76B002A60A4 /* MainView.swift */; };
		A5E2DEE12A15FA40002A60A4 /* MainSectionView.swift in Sources */ = {isa = PBXBuildFile; fileRef = A5E2DEE02A15FA40002A60A4 /* MainSectionView.swift */; };
		A5E2DEE32A15FA49002A60A4 /* MainSectionCellView.swift in Sources */ = {isa = PBXBuildFile; fileRef = A5E2DEE22A15FA49002A60A4 /* MainSectionCellView.swift */; };
		A5E2DEE52A163B42002A60A4 /* SubSectionView.swift in Sources */ = {isa = PBXBuildFile; fileRef = A5E2DEE42A163B42002A60A4 /* SubSectionView.swift */; };
		A5E2DEE72A164640002A60A4 /* SubSectionButton.swift in Sources */ = {isa = PBXBuildFile; fileRef = A5E2DEE62A164640002A60A4 /* SubSectionButton.swift */; };
		D217325D2A11E86200C4281C /* PayNavigationView.swift in Sources */ = {isa = PBXBuildFile; fileRef = D217325C2A11E86200C4281C /* PayNavigationView.swift */; };
		D217325F2A11E86C00C4281C /* PaySearchView.swift in Sources */ = {isa = PBXBuildFile; fileRef = D217325E2A11E86C00C4281C /* PaySearchView.swift */; };
		D21732612A11E87800C4281C /* PayProductCollectionView.swift in Sources */ = {isa = PBXBuildFile; fileRef = D21732602A11E87800C4281C /* PayProductCollectionView.swift */; };
		D21732632A11E88B00C4281C /* PayMainView.swift in Sources */ = {isa = PBXBuildFile; fileRef = D21732622A11E88B00C4281C /* PayMainView.swift */; };
		D21732652A11F61D00C4281C /* PayViewController.swift in Sources */ = {isa = PBXBuildFile; fileRef = D21732642A11F61D00C4281C /* PayViewController.swift */; };
		D21732672A11F62B00C4281C /* BaseViewController.swift in Sources */ = {isa = PBXBuildFile; fileRef = D21732662A11F62B00C4281C /* BaseViewController.swift */; };
		D22AC5842A11B1EA0097210D /* Image.swift in Sources */ = {isa = PBXBuildFile; fileRef = D22AC5832A11B1EA0097210D /* Image.swift */; };
		D22AC5862A11B7690097210D /* UIView+.swift in Sources */ = {isa = PBXBuildFile; fileRef = D22AC5852A11B7690097210D /* UIView+.swift */; };
		D22AC58A2A11B7A20097210D /* UITableViewCell+.swift in Sources */ = {isa = PBXBuildFile; fileRef = D22AC5892A11B7A20097210D /* UITableViewCell+.swift */; };
		D22AC58C2A11B7B00097210D /* UICollectionViewCell+.swift in Sources */ = {isa = PBXBuildFile; fileRef = D22AC58B2A11B7B00097210D /* UICollectionViewCell+.swift */; };
		D22AC58E2A11B7CC0097210D /* UITextField+.swift in Sources */ = {isa = PBXBuildFile; fileRef = D22AC58D2A11B7CC0097210D /* UITextField+.swift */; };
		D22AC5902A11B8040097210D /* UINavigationController+.swift in Sources */ = {isa = PBXBuildFile; fileRef = D22AC58F2A11B8040097210D /* UINavigationController+.swift */; };
		D22AC5922A11B8270097210D /* UICollectionReusableView+.swift in Sources */ = {isa = PBXBuildFile; fileRef = D22AC5912A11B8270097210D /* UICollectionReusableView+.swift */; };
		D22AC5942A11B8490097210D /* UITableHeaderFooterView+.swift in Sources */ = {isa = PBXBuildFile; fileRef = D22AC5932A11B8490097210D /* UITableHeaderFooterView+.swift */; };
		D22AC5962A11B85F0097210D /* UILabel+.swift in Sources */ = {isa = PBXBuildFile; fileRef = D22AC5952A11B85F0097210D /* UILabel+.swift */; };
		D22AC5982A11B8830097210D /* UIButton+.swift in Sources */ = {isa = PBXBuildFile; fileRef = D22AC5972A11B8830097210D /* UIButton+.swift */; };
		D22AC59A2A11B89B0097210D /* UIImageView+.swift in Sources */ = {isa = PBXBuildFile; fileRef = D22AC5992A11B89B0097210D /* UIImageView+.swift */; };
		D2B143372A122DF3006BAB52 /* PayProductCollectionViewCell.swift in Sources */ = {isa = PBXBuildFile; fileRef = D2B143362A122DF3006BAB52 /* PayProductCollectionViewCell.swift */; };
		D2B1433B2A123382006BAB52 /* PayProductModel.swift in Sources */ = {isa = PBXBuildFile; fileRef = D2B1433A2A123382006BAB52 /* PayProductModel.swift */; };
		D2B1433E2A123899006BAB52 /* PayProductCollectionHeaderView.swift in Sources */ = {isa = PBXBuildFile; fileRef = D2B1433D2A123899006BAB52 /* PayProductCollectionHeaderView.swift */; };
		D2B143402A1238A4006BAB52 /* PayProductCollectionFooterView.swift in Sources */ = {isa = PBXBuildFile; fileRef = D2B1433F2A1238A4006BAB52 /* PayProductCollectionFooterView.swift */; };
		D2B143422A133893006BAB52 /* PayCollectionLayout.swift in Sources */ = {isa = PBXBuildFile; fileRef = D2B143412A133893006BAB52 /* PayCollectionLayout.swift */; };
		D2E3E2812A13A00E002B65C6 /* PayBrandConCollectionView.swift in Sources */ = {isa = PBXBuildFile; fileRef = D2E3E2802A13A00D002B65C6 /* PayBrandConCollectionView.swift */; };
		D2E3E2832A13A045002B65C6 /* PayBrandConCollectionViewCell.swift in Sources */ = {isa = PBXBuildFile; fileRef = D2E3E2822A13A045002B65C6 /* PayBrandConCollectionViewCell.swift */; };
		D2E3E2852A13A66C002B65C6 /* PayBrandConModel.swift in Sources */ = {isa = PBXBuildFile; fileRef = D2E3E2842A13A66C002B65C6 /* PayBrandConModel.swift */; };
		D2E3E2872A13AD0F002B65C6 /* PayBrandConCollectionViewHeaderView.swift in Sources */ = {isa = PBXBuildFile; fileRef = D2E3E2862A13AD0F002B65C6 /* PayBrandConCollectionViewHeaderView.swift */; };
		D2FA25222A13CD4C0044A59E /* PayPopularConTableView.swift in Sources */ = {isa = PBXBuildFile; fileRef = D2FA25212A13CD4C0044A59E /* PayPopularConTableView.swift */; };
		D2FA25242A13CEDC0044A59E /* PayPopularConTableViewCell.swift in Sources */ = {isa = PBXBuildFile; fileRef = D2FA25232A13CEDC0044A59E /* PayPopularConTableViewCell.swift */; };
		D2FA25262A13D3C60044A59E /* PayPopularConModel.swift in Sources */ = {isa = PBXBuildFile; fileRef = D2FA25252A13D3C60044A59E /* PayPopularConModel.swift */; };
		D2FA25282A13D6BE0044A59E /* PayPopularConTableHeaderView.swift in Sources */ = {isa = PBXBuildFile; fileRef = D2FA25272A13D6BE0044A59E /* PayPopularConTableHeaderView.swift */; };
		D2FA252A2A13DA7F0044A59E /* PayCashBackTableView.swift in Sources */ = {isa = PBXBuildFile; fileRef = D2FA25292A13DA7F0044A59E /* PayCashBackTableView.swift */; };
		D2FA252C2A13DB070044A59E /* PayCashBackTableViewCell.swift in Sources */ = {isa = PBXBuildFile; fileRef = D2FA252B2A13DB070044A59E /* PayCashBackTableViewCell.swift */; };
		D2FA252E2A13DD340044A59E /* PayCashBackModel.swift in Sources */ = {isa = PBXBuildFile; fileRef = D2FA252D2A13DD340044A59E /* PayCashBackModel.swift */; };
		D2FA25302A13DF5A0044A59E /* PayCashBackTableHeaderView.swift in Sources */ = {isa = PBXBuildFile; fileRef = D2FA252F2A13DF5A0044A59E /* PayCashBackTableHeaderView.swift */; };
		D2FA25322A13E1ED0044A59E /* PayCashBackTableFooterView.swift in Sources */ = {isa = PBXBuildFile; fileRef = D2FA25312A13E1ED0044A59E /* PayCashBackTableFooterView.swift */; };
		D2FA25342A13E4B10044A59E /* PayPopularBrandTableView.swift in Sources */ = {isa = PBXBuildFile; fileRef = D2FA25332A13E4B10044A59E /* PayPopularBrandTableView.swift */; };
		D2FA25362A13E4DD0044A59E /* PayPopularBrandTableViewCell.swift in Sources */ = {isa = PBXBuildFile; fileRef = D2FA25352A13E4DD0044A59E /* PayPopularBrandTableViewCell.swift */; };
		D2FA25382A13E6600044A59E /* PayPopularBrandModel.swift in Sources */ = {isa = PBXBuildFile; fileRef = D2FA25372A13E6600044A59E /* PayPopularBrandModel.swift */; };
		D2FA253A2A13E8750044A59E /* PayPopularBrandFooterView.swift in Sources */ = {isa = PBXBuildFile; fileRef = D2FA25392A13E8750044A59E /* PayPopularBrandFooterView.swift */; };
		D2FA253C2A13E8AB0044A59E /* PayPopularBrandTableHeaderView.swift in Sources */ = {isa = PBXBuildFile; fileRef = D2FA253B2A13E8AB0044A59E /* PayPopularBrandTableHeaderView.swift */; };
/* End PBXBuildFile section */

/* Begin PBXFileReference section */
		2CB2AD4B2A10CB620086445A /* UIColor+.swift */ = {isa = PBXFileReference; lastKnownFileType = sourcecode.swift; path = "UIColor+.swift"; sourceTree = "<group>"; };
		2CB2AD572A10D8FF0086445A /* SpoqaHanSansNeo-Bold.otf */ = {isa = PBXFileReference; lastKnownFileType = file; path = "SpoqaHanSansNeo-Bold.otf"; sourceTree = "<group>"; };
		2CB2AD582A10D8FF0086445A /* SpoqaHanSansNeo-Medium.otf */ = {isa = PBXFileReference; lastKnownFileType = file; path = "SpoqaHanSansNeo-Medium.otf"; sourceTree = "<group>"; };
		2CB2AD592A10D8FF0086445A /* SpoqaHanSansNeo-Light.otf */ = {isa = PBXFileReference; lastKnownFileType = file; path = "SpoqaHanSansNeo-Light.otf"; sourceTree = "<group>"; };
		2CB2AD5A2A10D8FF0086445A /* SpoqaHanSansNeo-Regular.otf */ = {isa = PBXFileReference; lastKnownFileType = file; path = "SpoqaHanSansNeo-Regular.otf"; sourceTree = "<group>"; };
		2CB2AD5B2A10D8FF0086445A /* SpoqaHanSansNeo-Thin.otf */ = {isa = PBXFileReference; lastKnownFileType = file; path = "SpoqaHanSansNeo-Thin.otf"; sourceTree = "<group>"; };
		2CB2AD612A10D9240086445A /* UIFont+.swift */ = {isa = PBXFileReference; lastKnownFileType = sourcecode.swift; path = "UIFont+.swift"; sourceTree = "<group>"; };
		2CDCEC512A0F7CFA009E6039 /* Toss_iOS.app */ = {isa = PBXFileReference; explicitFileType = wrapper.application; includeInIndex = 0; path = Toss_iOS.app; sourceTree = BUILT_PRODUCTS_DIR; };
		2CDCEC542A0F7CFA009E6039 /* AppDelegate.swift */ = {isa = PBXFileReference; lastKnownFileType = sourcecode.swift; path = AppDelegate.swift; sourceTree = "<group>"; };
		2CDCEC562A0F7CFA009E6039 /* SceneDelegate.swift */ = {isa = PBXFileReference; lastKnownFileType = sourcecode.swift; path = SceneDelegate.swift; sourceTree = "<group>"; };
		2CDCEC5D2A0F7CFB009E6039 /* Assets.xcassets */ = {isa = PBXFileReference; lastKnownFileType = folder.assetcatalog; path = Assets.xcassets; sourceTree = "<group>"; };
		2CDCEC602A0F7CFB009E6039 /* Base */ = {isa = PBXFileReference; lastKnownFileType = file.storyboard; name = Base; path = Base.lproj/LaunchScreen.storyboard; sourceTree = "<group>"; };
		2CDCEC622A0F7CFB009E6039 /* Info.plist */ = {isa = PBXFileReference; lastKnownFileType = text.plist.xml; path = Info.plist; sourceTree = "<group>"; };
		A5552D462A154FBC00835B40 /* TabBarController.swift */ = {isa = PBXFileReference; lastKnownFileType = sourcecode.swift; path = TabBarController.swift; sourceTree = "<group>"; };
		A5E2DEDC2A15E364002A60A4 /* MainViewController.swift */ = {isa = PBXFileReference; lastKnownFileType = sourcecode.swift; path = MainViewController.swift; sourceTree = "<group>"; };
		A5E2DEDE2A15F76B002A60A4 /* MainView.swift */ = {isa = PBXFileReference; lastKnownFileType = sourcecode.swift; path = MainView.swift; sourceTree = "<group>"; };
		A5E2DEE02A15FA40002A60A4 /* MainSectionView.swift */ = {isa = PBXFileReference; lastKnownFileType = sourcecode.swift; path = MainSectionView.swift; sourceTree = "<group>"; };
		A5E2DEE22A15FA49002A60A4 /* MainSectionCellView.swift */ = {isa = PBXFileReference; lastKnownFileType = sourcecode.swift; path = MainSectionCellView.swift; sourceTree = "<group>"; };
		A5E2DEE42A163B42002A60A4 /* SubSectionView.swift */ = {isa = PBXFileReference; lastKnownFileType = sourcecode.swift; path = SubSectionView.swift; sourceTree = "<group>"; };
		A5E2DEE62A164640002A60A4 /* SubSectionButton.swift */ = {isa = PBXFileReference; lastKnownFileType = sourcecode.swift; path = SubSectionButton.swift; sourceTree = "<group>"; };
		D217325C2A11E86200C4281C /* PayNavigationView.swift */ = {isa = PBXFileReference; lastKnownFileType = sourcecode.swift; name = PayNavigationView.swift; path = Pay/View/PayNavigationView.swift; sourceTree = SOURCE_ROOT; };
		D217325E2A11E86C00C4281C /* PaySearchView.swift */ = {isa = PBXFileReference; lastKnownFileType = sourcecode.swift; name = PaySearchView.swift; path = Pay/View/PaySearchView.swift; sourceTree = SOURCE_ROOT; };
		D21732602A11E87800C4281C /* PayProductCollectionView.swift */ = {isa = PBXFileReference; lastKnownFileType = sourcecode.swift; name = PayProductCollectionView.swift; path = Pay/View/PayProductCollectionView.swift; sourceTree = SOURCE_ROOT; };
		D21732622A11E88B00C4281C /* PayMainView.swift */ = {isa = PBXFileReference; lastKnownFileType = sourcecode.swift; name = PayMainView.swift; path = Pay/View/PayMainView.swift; sourceTree = SOURCE_ROOT; };
		D21732642A11F61D00C4281C /* PayViewController.swift */ = {isa = PBXFileReference; lastKnownFileType = sourcecode.swift; name = PayViewController.swift; path = Pay/ViewController/PayViewController.swift; sourceTree = SOURCE_ROOT; };
		D21732662A11F62B00C4281C /* BaseViewController.swift */ = {isa = PBXFileReference; lastKnownFileType = sourcecode.swift; name = BaseViewController.swift; path = Pay/ViewController/BaseViewController.swift; sourceTree = SOURCE_ROOT; };
		D22AC5832A11B1EA0097210D /* Image.swift */ = {isa = PBXFileReference; lastKnownFileType = sourcecode.swift; name = Image.swift; path = Toss_iOS/Global/Constant/Image.swift; sourceTree = SOURCE_ROOT; };
		D22AC5852A11B7690097210D /* UIView+.swift */ = {isa = PBXFileReference; lastKnownFileType = sourcecode.swift; path = "UIView+.swift"; sourceTree = "<group>"; };
		D22AC5892A11B7A20097210D /* UITableViewCell+.swift */ = {isa = PBXFileReference; lastKnownFileType = sourcecode.swift; path = "UITableViewCell+.swift"; sourceTree = "<group>"; };
		D22AC58B2A11B7B00097210D /* UICollectionViewCell+.swift */ = {isa = PBXFileReference; lastKnownFileType = sourcecode.swift; path = "UICollectionViewCell+.swift"; sourceTree = "<group>"; };
		D22AC58D2A11B7CC0097210D /* UITextField+.swift */ = {isa = PBXFileReference; lastKnownFileType = sourcecode.swift; path = "UITextField+.swift"; sourceTree = "<group>"; };
		D22AC58F2A11B8040097210D /* UINavigationController+.swift */ = {isa = PBXFileReference; lastKnownFileType = sourcecode.swift; path = "UINavigationController+.swift"; sourceTree = "<group>"; };
		D22AC5912A11B8270097210D /* UICollectionReusableView+.swift */ = {isa = PBXFileReference; lastKnownFileType = sourcecode.swift; path = "UICollectionReusableView+.swift"; sourceTree = "<group>"; };
		D22AC5932A11B8490097210D /* UITableHeaderFooterView+.swift */ = {isa = PBXFileReference; lastKnownFileType = sourcecode.swift; path = "UITableHeaderFooterView+.swift"; sourceTree = "<group>"; };
		D22AC5952A11B85F0097210D /* UILabel+.swift */ = {isa = PBXFileReference; lastKnownFileType = sourcecode.swift; path = "UILabel+.swift"; sourceTree = "<group>"; };
		D22AC5972A11B8830097210D /* UIButton+.swift */ = {isa = PBXFileReference; lastKnownFileType = sourcecode.swift; path = "UIButton+.swift"; sourceTree = "<group>"; };
		D22AC5992A11B89B0097210D /* UIImageView+.swift */ = {isa = PBXFileReference; lastKnownFileType = sourcecode.swift; path = "UIImageView+.swift"; sourceTree = "<group>"; };
		D2B143362A122DF3006BAB52 /* PayProductCollectionViewCell.swift */ = {isa = PBXFileReference; lastKnownFileType = sourcecode.swift; name = PayProductCollectionViewCell.swift; path = Pay/Cell/PayProductCollectionViewCell.swift; sourceTree = SOURCE_ROOT; };
		D2B1433A2A123382006BAB52 /* PayProductModel.swift */ = {isa = PBXFileReference; lastKnownFileType = sourcecode.swift; name = PayProductModel.swift; path = Pay/APIModel/PayProductModel.swift; sourceTree = SOURCE_ROOT; };
		D2B1433D2A123899006BAB52 /* PayProductCollectionHeaderView.swift */ = {isa = PBXFileReference; lastKnownFileType = sourcecode.swift; name = PayProductCollectionHeaderView.swift; path = Pay/Cell/HeaderFooterView/PayProductCollectionHeaderView.swift; sourceTree = SOURCE_ROOT; };
		D2B1433F2A1238A4006BAB52 /* PayProductCollectionFooterView.swift */ = {isa = PBXFileReference; lastKnownFileType = sourcecode.swift; name = PayProductCollectionFooterView.swift; path = Pay/Cell/HeaderFooterView/PayProductCollectionFooterView.swift; sourceTree = SOURCE_ROOT; };
		D2B143412A133893006BAB52 /* PayCollectionLayout.swift */ = {isa = PBXFileReference; lastKnownFileType = sourcecode.swift; name = PayCollectionLayout.swift; path = Pay/View/PayCollectionLayout.swift; sourceTree = SOURCE_ROOT; };
		D2E3E2802A13A00D002B65C6 /* PayBrandConCollectionView.swift */ = {isa = PBXFileReference; lastKnownFileType = sourcecode.swift; path = PayBrandConCollectionView.swift; sourceTree = "<group>"; };
		D2E3E2822A13A045002B65C6 /* PayBrandConCollectionViewCell.swift */ = {isa = PBXFileReference; lastKnownFileType = sourcecode.swift; path = PayBrandConCollectionViewCell.swift; sourceTree = "<group>"; };
		D2E3E2842A13A66C002B65C6 /* PayBrandConModel.swift */ = {isa = PBXFileReference; lastKnownFileType = sourcecode.swift; path = PayBrandConModel.swift; sourceTree = "<group>"; };
		D2E3E2862A13AD0F002B65C6 /* PayBrandConCollectionViewHeaderView.swift */ = {isa = PBXFileReference; lastKnownFileType = sourcecode.swift; path = PayBrandConCollectionViewHeaderView.swift; sourceTree = "<group>"; };
		D2FA25212A13CD4C0044A59E /* PayPopularConTableView.swift */ = {isa = PBXFileReference; lastKnownFileType = sourcecode.swift; path = PayPopularConTableView.swift; sourceTree = "<group>"; };
		D2FA25232A13CEDC0044A59E /* PayPopularConTableViewCell.swift */ = {isa = PBXFileReference; lastKnownFileType = sourcecode.swift; path = PayPopularConTableViewCell.swift; sourceTree = "<group>"; };
		D2FA25252A13D3C60044A59E /* PayPopularConModel.swift */ = {isa = PBXFileReference; lastKnownFileType = sourcecode.swift; path = PayPopularConModel.swift; sourceTree = "<group>"; };
		D2FA25272A13D6BE0044A59E /* PayPopularConTableHeaderView.swift */ = {isa = PBXFileReference; lastKnownFileType = sourcecode.swift; path = PayPopularConTableHeaderView.swift; sourceTree = "<group>"; };
		D2FA25292A13DA7F0044A59E /* PayCashBackTableView.swift */ = {isa = PBXFileReference; lastKnownFileType = sourcecode.swift; path = PayCashBackTableView.swift; sourceTree = "<group>"; };
		D2FA252B2A13DB070044A59E /* PayCashBackTableViewCell.swift */ = {isa = PBXFileReference; lastKnownFileType = sourcecode.swift; path = PayCashBackTableViewCell.swift; sourceTree = "<group>"; };
		D2FA252D2A13DD340044A59E /* PayCashBackModel.swift */ = {isa = PBXFileReference; lastKnownFileType = sourcecode.swift; path = PayCashBackModel.swift; sourceTree = "<group>"; };
		D2FA252F2A13DF5A0044A59E /* PayCashBackTableHeaderView.swift */ = {isa = PBXFileReference; lastKnownFileType = sourcecode.swift; path = PayCashBackTableHeaderView.swift; sourceTree = "<group>"; };
		D2FA25312A13E1ED0044A59E /* PayCashBackTableFooterView.swift */ = {isa = PBXFileReference; lastKnownFileType = sourcecode.swift; path = PayCashBackTableFooterView.swift; sourceTree = "<group>"; };
		D2FA25332A13E4B10044A59E /* PayPopularBrandTableView.swift */ = {isa = PBXFileReference; lastKnownFileType = sourcecode.swift; path = PayPopularBrandTableView.swift; sourceTree = "<group>"; };
		D2FA25352A13E4DD0044A59E /* PayPopularBrandTableViewCell.swift */ = {isa = PBXFileReference; lastKnownFileType = sourcecode.swift; path = PayPopularBrandTableViewCell.swift; sourceTree = "<group>"; };
		D2FA25372A13E6600044A59E /* PayPopularBrandModel.swift */ = {isa = PBXFileReference; lastKnownFileType = sourcecode.swift; path = PayPopularBrandModel.swift; sourceTree = "<group>"; };
		D2FA25392A13E8750044A59E /* PayPopularBrandFooterView.swift */ = {isa = PBXFileReference; lastKnownFileType = sourcecode.swift; path = PayPopularBrandFooterView.swift; sourceTree = "<group>"; };
		D2FA253B2A13E8AB0044A59E /* PayPopularBrandTableHeaderView.swift */ = {isa = PBXFileReference; lastKnownFileType = sourcecode.swift; path = PayPopularBrandTableHeaderView.swift; sourceTree = "<group>"; };
/* End PBXFileReference section */

/* Begin PBXFrameworksBuildPhase section */
		2CDCEC4E2A0F7CFA009E6039 /* Frameworks */ = {
			isa = PBXFrameworksBuildPhase;
			buildActionMask = 2147483647;
			files = (
				2CDCEC732A0F7D4F009E6039 /* Kingfisher in Frameworks */,
				2CDCEC6A2A0F7D23009E6039 /* Alamofire in Frameworks */,
				2CDCEC702A0F7D37009E6039 /* Then in Frameworks */,
				2CDCEC6D2A0F7D2D009E6039 /* SnapKit in Frameworks */,
			);
			runOnlyForDeploymentPostprocessing = 0;
		};
/* End PBXFrameworksBuildPhase section */

/* Begin PBXGroup section */
		2CDCEC482A0F7CFA009E6039 = {
			isa = PBXGroup;
			children = (
				2CDCEC532A0F7CFA009E6039 /* Toss_iOS */,
				2CDCEC522A0F7CFA009E6039 /* Products */,
			);
			sourceTree = "<group>";
		};
		2CDCEC522A0F7CFA009E6039 /* Products */ = {
			isa = PBXGroup;
			children = (
				2CDCEC512A0F7CFA009E6039 /* Toss_iOS.app */,
			);
			name = Products;
			sourceTree = "<group>";
		};
		2CDCEC532A0F7CFA009E6039 /* Toss_iOS */ = {
			isa = PBXGroup;
			children = (
				2CDCEC7A2A0F7E9C009E6039 /* Global */,
				2CDCEC792A0F7E79009E6039 /* Data */,
				2CDCEC782A0F7E73009E6039 /* Network */,
				2CDCEC772A0F7E47009E6039 /* Presentation */,
				2CDCEC762A0F7E1B009E6039 /* Resource */,
				2CDCEC742A0F7D5D009E6039 /* Application */,
				2CDCEC5F2A0F7CFB009E6039 /* LaunchScreen.storyboard */,
				2CDCEC622A0F7CFB009E6039 /* Info.plist */,
			);
			path = Toss_iOS;
			sourceTree = "<group>";
		};
		2CDCEC742A0F7D5D009E6039 /* Application */ = {
			isa = PBXGroup;
			children = (
				2CDCEC542A0F7CFA009E6039 /* AppDelegate.swift */,
				2CDCEC562A0F7CFA009E6039 /* SceneDelegate.swift */,
			);
			path = Application;
			sourceTree = "<group>";
		};
		2CDCEC752A0F7D99009E6039 /* Constant */ = {
			isa = PBXGroup;
			children = (
				D22AC5832A11B1EA0097210D /* Image.swift */,
			);
			path = Constant;
			sourceTree = "<group>";
		};
		2CDCEC762A0F7E1B009E6039 /* Resource */ = {
			isa = PBXGroup;
			children = (
				2CDCEC832A0F7F35009E6039 /* Font */,
				2CDCEC5D2A0F7CFB009E6039 /* Assets.xcassets */,
			);
			path = Resource;
			sourceTree = "<group>";
		};
		2CDCEC772A0F7E47009E6039 /* Presentation */ = {
			isa = PBXGroup;
			children = (
				A5552D452A154F9E00835B40 /* Base */,
				A5552D4A2A15568800835B40 /* Main */,
				2CDCEC7E2A0F7ED6009E6039 /* Gift */,
				2CDCEC7D2A0F7ED0009E6039 /* Pay */,
			);
			path = Presentation;
			sourceTree = "<group>";
		};
		2CDCEC782A0F7E73009E6039 /* Network */ = {
			isa = PBXGroup;
			children = (
			);
			path = Network;
			sourceTree = "<group>";
		};
		2CDCEC792A0F7E79009E6039 /* Data */ = {
			isa = PBXGroup;
			children = (
				2CDCEC812A0F7F0A009E6039 /* Gift */,
				2CDCEC802A0F7F05009E6039 /* Pay */,
				2CDCEC7F2A0F7F00009E6039 /* Main */,
			);
			path = Data;
			sourceTree = "<group>";
		};
		2CDCEC7A2A0F7E9C009E6039 /* Global */ = {
			isa = PBXGroup;
			children = (
				2CDCEC7B2A0F7EAF009E6039 /* Extension */,
				2CDCEC752A0F7D99009E6039 /* Constant */,
			);
			path = Global;
			sourceTree = "<group>";
		};
		2CDCEC7B2A0F7EAF009E6039 /* Extension */ = {
			isa = PBXGroup;
			children = (
				2CB2AD4B2A10CB620086445A /* UIColor+.swift */,
				2CB2AD612A10D9240086445A /* UIFont+.swift */,
				D22AC5852A11B7690097210D /* UIView+.swift */,
				D22AC5892A11B7A20097210D /* UITableViewCell+.swift */,
				D22AC58B2A11B7B00097210D /* UICollectionViewCell+.swift */,
				D22AC58D2A11B7CC0097210D /* UITextField+.swift */,
				D22AC58F2A11B8040097210D /* UINavigationController+.swift */,
				D22AC5912A11B8270097210D /* UICollectionReusableView+.swift */,
				D22AC5932A11B8490097210D /* UITableHeaderFooterView+.swift */,
				D22AC5952A11B85F0097210D /* UILabel+.swift */,
				D22AC5972A11B8830097210D /* UIButton+.swift */,
				D22AC5992A11B89B0097210D /* UIImageView+.swift */,
			);
			path = Extension;
			sourceTree = "<group>";
		};
		2CDCEC7D2A0F7ED0009E6039 /* Pay */ = {
			isa = PBXGroup;
			children = (
				D217325B2A11E84B00C4281C /* Cell */,
				D217325A2A11E84400C4281C /* ViewController */,
				D21732592A11E83700C4281C /* View */,
			);
			path = Pay;
			sourceTree = "<group>";
		};
		2CDCEC7E2A0F7ED6009E6039 /* Gift */ = {
			isa = PBXGroup;
			children = (
			);
			path = Gift;
			sourceTree = "<group>";
		};
		2CDCEC7F2A0F7F00009E6039 /* Main */ = {
			isa = PBXGroup;
			children = (
			);
			path = Main;
			sourceTree = "<group>";
		};
		2CDCEC802A0F7F05009E6039 /* Pay */ = {
			isa = PBXGroup;
			children = (
				D2B143392A123374006BAB52 /* Model */,
				D2B143382A12336B006BAB52 /* APIModel */,
			);
			path = Pay;
			sourceTree = "<group>";
		};
		2CDCEC812A0F7F0A009E6039 /* Gift */ = {
			isa = PBXGroup;
			children = (
			);
			path = Gift;
			sourceTree = "<group>";
		};
		2CDCEC822A0F7F1A009E6039 /* Base */ = {
			isa = PBXGroup;
			children = (
				D21732662A11F62B00C4281C /* BaseViewController.swift */,
			);
			path = Base;
			sourceTree = "<group>";
		};
		2CDCEC832A0F7F35009E6039 /* Font */ = {
			isa = PBXGroup;
			children = (
				2CB2AD572A10D8FF0086445A /* SpoqaHanSansNeo-Bold.otf */,
				2CB2AD592A10D8FF0086445A /* SpoqaHanSansNeo-Light.otf */,
				2CB2AD582A10D8FF0086445A /* SpoqaHanSansNeo-Medium.otf */,
				2CB2AD5A2A10D8FF0086445A /* SpoqaHanSansNeo-Regular.otf */,
				2CB2AD5B2A10D8FF0086445A /* SpoqaHanSansNeo-Thin.otf */,
			);
			path = Font;
			sourceTree = "<group>";
		};
		A5552D452A154F9E00835B40 /* Base */ = {
			isa = PBXGroup;
			children = (
				A5552D462A154FBC00835B40 /* TabBarController.swift */,
			);
			name = Base;
			path = ../Global/Base;
			sourceTree = "<group>";
		};
		A5552D4A2A15568800835B40 /* Main */ = {
			isa = PBXGroup;
			children = (
				A5E2DEDC2A15E364002A60A4 /* MainViewController.swift */,
				A5E2DEDE2A15F76B002A60A4 /* MainView.swift */,
				A5E2DEE02A15FA40002A60A4 /* MainSectionView.swift */,
				A5E2DEE22A15FA49002A60A4 /* MainSectionCellView.swift */,
				A5E2DEE42A163B42002A60A4 /* SubSectionView.swift */,
				A5E2DEE62A164640002A60A4 /* SubSectionButton.swift */,
			);
			path = Main;
		D21732592A11E83700C4281C /* View */ = {
			isa = PBXGroup;
			children = (
				D217325C2A11E86200C4281C /* PayNavigationView.swift */,
				D217325E2A11E86C00C4281C /* PaySearchView.swift */,
				D21732602A11E87800C4281C /* PayProductCollectionView.swift */,
				D2E3E2802A13A00D002B65C6 /* PayBrandConCollectionView.swift */,
				D21732622A11E88B00C4281C /* PayMainView.swift */,
				D2B143412A133893006BAB52 /* PayCollectionLayout.swift */,
				D2FA25212A13CD4C0044A59E /* PayPopularConTableView.swift */,
				D2FA25292A13DA7F0044A59E /* PayCashBackTableView.swift */,
				D2FA25332A13E4B10044A59E /* PayPopularBrandTableView.swift */,
			);
			path = View;
			sourceTree = "<group>";
		};
		D217325A2A11E84400C4281C /* ViewController */ = {
			isa = PBXGroup;
			children = (
				D21732642A11F61D00C4281C /* PayViewController.swift */,
			);
			path = ViewController;
			sourceTree = "<group>";
		};
		D217325B2A11E84B00C4281C /* Cell */ = {
			isa = PBXGroup;
			children = (
				D2B1433C2A123877006BAB52 /* HeaderFooterView */,
				D2B143362A122DF3006BAB52 /* PayProductCollectionViewCell.swift */,
				D2E3E2822A13A045002B65C6 /* PayBrandConCollectionViewCell.swift */,
				D2FA25232A13CEDC0044A59E /* PayPopularConTableViewCell.swift */,
				D2FA252B2A13DB070044A59E /* PayCashBackTableViewCell.swift */,
				D2FA25352A13E4DD0044A59E /* PayPopularBrandTableViewCell.swift */,
			);
			path = Cell;
			sourceTree = "<group>";
		};
		D2B143382A12336B006BAB52 /* APIModel */ = {
			isa = PBXGroup;
			children = (
				D2B1433A2A123382006BAB52 /* PayProductModel.swift */,
				D2FA25252A13D3C60044A59E /* PayPopularConModel.swift */,
			);
			path = APIModel;
			sourceTree = "<group>";
		};
		D2B143392A123374006BAB52 /* Model */ = {
			isa = PBXGroup;
			children = (
				D2E3E2842A13A66C002B65C6 /* PayBrandConModel.swift */,
				D2FA252D2A13DD340044A59E /* PayCashBackModel.swift */,
				D2FA25372A13E6600044A59E /* PayPopularBrandModel.swift */,
			);
			path = Model;
			sourceTree = "<group>";
		};
		D2B1433C2A123877006BAB52 /* HeaderFooterView */ = {
			isa = PBXGroup;
			children = (
				D2B1433D2A123899006BAB52 /* PayProductCollectionHeaderView.swift */,
				D2B1433F2A1238A4006BAB52 /* PayProductCollectionFooterView.swift */,
				D2E3E2862A13AD0F002B65C6 /* PayBrandConCollectionViewHeaderView.swift */,
				D2FA25272A13D6BE0044A59E /* PayPopularConTableHeaderView.swift */,
				D2FA252F2A13DF5A0044A59E /* PayCashBackTableHeaderView.swift */,
				D2FA25312A13E1ED0044A59E /* PayCashBackTableFooterView.swift */,
				D2FA253B2A13E8AB0044A59E /* PayPopularBrandTableHeaderView.swift */,
				D2FA25392A13E8750044A59E /* PayPopularBrandFooterView.swift */,
			);
			path = HeaderFooterView;
			sourceTree = "<group>";
		};
/* End PBXGroup section */

/* Begin PBXNativeTarget section */
		2CDCEC502A0F7CFA009E6039 /* Toss_iOS */ = {
			isa = PBXNativeTarget;
			buildConfigurationList = 2CDCEC652A0F7CFB009E6039 /* Build configuration list for PBXNativeTarget "Toss_iOS" */;
			buildPhases = (
				2CDCEC4D2A0F7CFA009E6039 /* Sources */,
				2CDCEC4E2A0F7CFA009E6039 /* Frameworks */,
				2CDCEC4F2A0F7CFA009E6039 /* Resources */,
			);
			buildRules = (
			);
			dependencies = (
			);
			name = Toss_iOS;
			packageProductDependencies = (
				2CDCEC692A0F7D23009E6039 /* Alamofire */,
				2CDCEC6C2A0F7D2D009E6039 /* SnapKit */,
				2CDCEC6F2A0F7D37009E6039 /* Then */,
				2CDCEC722A0F7D4F009E6039 /* Kingfisher */,
			);
			productName = Toss_iOS;
			productReference = 2CDCEC512A0F7CFA009E6039 /* Toss_iOS.app */;
			productType = "com.apple.product-type.application";
		};
/* End PBXNativeTarget section */

/* Begin PBXProject section */
		2CDCEC492A0F7CFA009E6039 /* Project object */ = {
			isa = PBXProject;
			attributes = {
				BuildIndependentTargetsInParallel = 1;
				LastSwiftUpdateCheck = 1430;
				LastUpgradeCheck = 1430;
				TargetAttributes = {
					2CDCEC502A0F7CFA009E6039 = {
						CreatedOnToolsVersion = 14.3;
					};
				};
			};
			buildConfigurationList = 2CDCEC4C2A0F7CFA009E6039 /* Build configuration list for PBXProject "Toss_iOS" */;
			compatibilityVersion = "Xcode 14.0";
			developmentRegion = en;
			hasScannedForEncodings = 0;
			knownRegions = (
				en,
				Base,
			);
			mainGroup = 2CDCEC482A0F7CFA009E6039;
			packageReferences = (
				2CDCEC682A0F7D23009E6039 /* XCRemoteSwiftPackageReference "Alamofire" */,
				2CDCEC6B2A0F7D2D009E6039 /* XCRemoteSwiftPackageReference "SnapKit" */,
				2CDCEC6E2A0F7D37009E6039 /* XCRemoteSwiftPackageReference "Then" */,
				2CDCEC712A0F7D4F009E6039 /* XCRemoteSwiftPackageReference "Kingfisher" */,
			);
			productRefGroup = 2CDCEC522A0F7CFA009E6039 /* Products */;
			projectDirPath = "";
			projectRoot = "";
			targets = (
				2CDCEC502A0F7CFA009E6039 /* Toss_iOS */,
			);
		};
/* End PBXProject section */

/* Begin PBXResourcesBuildPhase section */
		2CDCEC4F2A0F7CFA009E6039 /* Resources */ = {
			isa = PBXResourcesBuildPhase;
			buildActionMask = 2147483647;
			files = (
				2CB2AD5E2A10D8FF0086445A /* SpoqaHanSansNeo-Light.otf in Resources */,
				2CB2AD5F2A10D8FF0086445A /* SpoqaHanSansNeo-Regular.otf in Resources */,
				2CB2AD5C2A10D8FF0086445A /* SpoqaHanSansNeo-Bold.otf in Resources */,
				2CB2AD5D2A10D8FF0086445A /* SpoqaHanSansNeo-Medium.otf in Resources */,
				2CDCEC612A0F7CFB009E6039 /* LaunchScreen.storyboard in Resources */,
				2CDCEC5E2A0F7CFB009E6039 /* Assets.xcassets in Resources */,
				2CB2AD602A10D8FF0086445A /* SpoqaHanSansNeo-Thin.otf in Resources */,
			);
			runOnlyForDeploymentPostprocessing = 0;
		};
/* End PBXResourcesBuildPhase section */

/* Begin PBXSourcesBuildPhase section */
		2CDCEC4D2A0F7CFA009E6039 /* Sources */ = {
			isa = PBXSourcesBuildPhase;
			buildActionMask = 2147483647;
			files = (
				D2E3E2812A13A00E002B65C6 /* PayBrandConCollectionView.swift in Sources */,
				2CDCEC552A0F7CFA009E6039 /* AppDelegate.swift in Sources */,
				A5E2DEE52A163B42002A60A4 /* SubSectionView.swift in Sources */,
				A5E2DEE72A164640002A60A4 /* SubSectionButton.swift in Sources */,
				A5E2DEDF2A15F76B002A60A4 /* MainView.swift in Sources */,
				A5552D472A154FBC00835B40 /* TabBarController.swift in Sources */,
				D22AC5922A11B8270097210D /* UICollectionReusableView+.swift in Sources */,
				D2FA253C2A13E8AB0044A59E /* PayPopularBrandTableHeaderView.swift in Sources */,
				D2B1433E2A123899006BAB52 /* PayProductCollectionHeaderView.swift in Sources */,
				D22AC58E2A11B7CC0097210D /* UITextField+.swift in Sources */,
				A5E2DEE32A15FA49002A60A4 /* MainSectionCellView.swift in Sources */,
				A5E2DEE12A15FA40002A60A4 /* MainSectionView.swift in Sources */,
				D2FA252A2A13DA7F0044A59E /* PayCashBackTableView.swift in Sources */,
				D21732632A11E88B00C4281C /* PayMainView.swift in Sources */,
				D2FA25282A13D6BE0044A59E /* PayPopularConTableHeaderView.swift in Sources */,
				D2FA25342A13E4B10044A59E /* PayPopularBrandTableView.swift in Sources */,
				D2FA25302A13DF5A0044A59E /* PayCashBackTableHeaderView.swift in Sources */,
				D22AC5902A11B8040097210D /* UINavigationController+.swift in Sources */,
				D21732672A11F62B00C4281C /* BaseViewController.swift in Sources */,
				D22AC59A2A11B89B0097210D /* UIImageView+.swift in Sources */,
				D2E3E2872A13AD0F002B65C6 /* PayBrandConCollectionViewHeaderView.swift in Sources */,
				D2FA25322A13E1ED0044A59E /* PayCashBackTableFooterView.swift in Sources */,
				D2E3E2852A13A66C002B65C6 /* PayBrandConModel.swift in Sources */,
				D22AC5982A11B8830097210D /* UIButton+.swift in Sources */,
				A5E2DEDD2A15E364002A60A4 /* MainViewController.swift in Sources */,
				D22AC5962A11B85F0097210D /* UILabel+.swift in Sources */,
				D2FA25222A13CD4C0044A59E /* PayPopularConTableView.swift in Sources */,
				D2FA25362A13E4DD0044A59E /* PayPopularBrandTableViewCell.swift in Sources */,
				D21732612A11E87800C4281C /* PayProductCollectionView.swift in Sources */,
				D2B1433B2A123382006BAB52 /* PayProductModel.swift in Sources */,
				D217325D2A11E86200C4281C /* PayNavigationView.swift in Sources */,
				D2E3E2832A13A045002B65C6 /* PayBrandConCollectionViewCell.swift in Sources */,
				D22AC5842A11B1EA0097210D /* Image.swift in Sources */,
				D2B143422A133893006BAB52 /* PayCollectionLayout.swift in Sources */,
				D21732652A11F61D00C4281C /* PayViewController.swift in Sources */,
				D22AC5862A11B7690097210D /* UIView+.swift in Sources */,
				D2FA25242A13CEDC0044A59E /* PayPopularConTableViewCell.swift in Sources */,
				2CDCEC572A0F7CFA009E6039 /* SceneDelegate.swift in Sources */,
				D2FA25382A13E6600044A59E /* PayPopularBrandModel.swift in Sources */,
				2CB2AD622A10D9240086445A /* UIFont+.swift in Sources */,
				D217325F2A11E86C00C4281C /* PaySearchView.swift in Sources */,
				D22AC58C2A11B7B00097210D /* UICollectionViewCell+.swift in Sources */,
				D2FA25262A13D3C60044A59E /* PayPopularConModel.swift in Sources */,
				D22AC5942A11B8490097210D /* UITableHeaderFooterView+.swift in Sources */,
				D2FA252E2A13DD340044A59E /* PayCashBackModel.swift in Sources */,
				D22AC58A2A11B7A20097210D /* UITableViewCell+.swift in Sources */,
				2CB2AD4C2A10CB620086445A /* UIColor+.swift in Sources */,
				D2B143402A1238A4006BAB52 /* PayProductCollectionFooterView.swift in Sources */,
				D2FA252C2A13DB070044A59E /* PayCashBackTableViewCell.swift in Sources */,
				D2B143372A122DF3006BAB52 /* PayProductCollectionViewCell.swift in Sources */,
				D2FA253A2A13E8750044A59E /* PayPopularBrandFooterView.swift in Sources */,
			);
			runOnlyForDeploymentPostprocessing = 0;
		};
/* End PBXSourcesBuildPhase section */

/* Begin PBXVariantGroup section */
		2CDCEC5F2A0F7CFB009E6039 /* LaunchScreen.storyboard */ = {
			isa = PBXVariantGroup;
			children = (
				2CDCEC602A0F7CFB009E6039 /* Base */,
			);
			name = LaunchScreen.storyboard;
			sourceTree = "<group>";
		};
/* End PBXVariantGroup section */

/* Begin XCBuildConfiguration section */
		2CDCEC632A0F7CFB009E6039 /* Debug */ = {
			isa = XCBuildConfiguration;
			buildSettings = {
				ALWAYS_SEARCH_USER_PATHS = NO;
				CLANG_ANALYZER_NONNULL = YES;
				CLANG_ANALYZER_NUMBER_OBJECT_CONVERSION = YES_AGGRESSIVE;
				CLANG_CXX_LANGUAGE_STANDARD = "gnu++20";
				CLANG_ENABLE_MODULES = YES;
				CLANG_ENABLE_OBJC_ARC = YES;
				CLANG_ENABLE_OBJC_WEAK = YES;
				CLANG_WARN_BLOCK_CAPTURE_AUTORELEASING = YES;
				CLANG_WARN_BOOL_CONVERSION = YES;
				CLANG_WARN_COMMA = YES;
				CLANG_WARN_CONSTANT_CONVERSION = YES;
				CLANG_WARN_DEPRECATED_OBJC_IMPLEMENTATIONS = YES;
				CLANG_WARN_DIRECT_OBJC_ISA_USAGE = YES_ERROR;
				CLANG_WARN_DOCUMENTATION_COMMENTS = YES;
				CLANG_WARN_EMPTY_BODY = YES;
				CLANG_WARN_ENUM_CONVERSION = YES;
				CLANG_WARN_INFINITE_RECURSION = YES;
				CLANG_WARN_INT_CONVERSION = YES;
				CLANG_WARN_NON_LITERAL_NULL_CONVERSION = YES;
				CLANG_WARN_OBJC_IMPLICIT_RETAIN_SELF = YES;
				CLANG_WARN_OBJC_LITERAL_CONVERSION = YES;
				CLANG_WARN_OBJC_ROOT_CLASS = YES_ERROR;
				CLANG_WARN_QUOTED_INCLUDE_IN_FRAMEWORK_HEADER = YES;
				CLANG_WARN_RANGE_LOOP_ANALYSIS = YES;
				CLANG_WARN_STRICT_PROTOTYPES = YES;
				CLANG_WARN_SUSPICIOUS_MOVE = YES;
				CLANG_WARN_UNGUARDED_AVAILABILITY = YES_AGGRESSIVE;
				CLANG_WARN_UNREACHABLE_CODE = YES;
				CLANG_WARN__DUPLICATE_METHOD_MATCH = YES;
				COPY_PHASE_STRIP = NO;
				DEBUG_INFORMATION_FORMAT = dwarf;
				ENABLE_STRICT_OBJC_MSGSEND = YES;
				ENABLE_TESTABILITY = YES;
				GCC_C_LANGUAGE_STANDARD = gnu11;
				GCC_DYNAMIC_NO_PIC = NO;
				GCC_NO_COMMON_BLOCKS = YES;
				GCC_OPTIMIZATION_LEVEL = 0;
				GCC_PREPROCESSOR_DEFINITIONS = (
					"DEBUG=1",
					"$(inherited)",
				);
				GCC_WARN_64_TO_32_BIT_CONVERSION = YES;
				GCC_WARN_ABOUT_RETURN_TYPE = YES_ERROR;
				GCC_WARN_UNDECLARED_SELECTOR = YES;
				GCC_WARN_UNINITIALIZED_AUTOS = YES_AGGRESSIVE;
				GCC_WARN_UNUSED_FUNCTION = YES;
				GCC_WARN_UNUSED_VARIABLE = YES;
				IPHONEOS_DEPLOYMENT_TARGET = 16.4;
				MTL_ENABLE_DEBUG_INFO = INCLUDE_SOURCE;
				MTL_FAST_MATH = YES;
				ONLY_ACTIVE_ARCH = YES;
				SDKROOT = iphoneos;
				SWIFT_ACTIVE_COMPILATION_CONDITIONS = DEBUG;
				SWIFT_OPTIMIZATION_LEVEL = "-Onone";
			};
			name = Debug;
		};
		2CDCEC642A0F7CFB009E6039 /* Release */ = {
			isa = XCBuildConfiguration;
			buildSettings = {
				ALWAYS_SEARCH_USER_PATHS = NO;
				CLANG_ANALYZER_NONNULL = YES;
				CLANG_ANALYZER_NUMBER_OBJECT_CONVERSION = YES_AGGRESSIVE;
				CLANG_CXX_LANGUAGE_STANDARD = "gnu++20";
				CLANG_ENABLE_MODULES = YES;
				CLANG_ENABLE_OBJC_ARC = YES;
				CLANG_ENABLE_OBJC_WEAK = YES;
				CLANG_WARN_BLOCK_CAPTURE_AUTORELEASING = YES;
				CLANG_WARN_BOOL_CONVERSION = YES;
				CLANG_WARN_COMMA = YES;
				CLANG_WARN_CONSTANT_CONVERSION = YES;
				CLANG_WARN_DEPRECATED_OBJC_IMPLEMENTATIONS = YES;
				CLANG_WARN_DIRECT_OBJC_ISA_USAGE = YES_ERROR;
				CLANG_WARN_DOCUMENTATION_COMMENTS = YES;
				CLANG_WARN_EMPTY_BODY = YES;
				CLANG_WARN_ENUM_CONVERSION = YES;
				CLANG_WARN_INFINITE_RECURSION = YES;
				CLANG_WARN_INT_CONVERSION = YES;
				CLANG_WARN_NON_LITERAL_NULL_CONVERSION = YES;
				CLANG_WARN_OBJC_IMPLICIT_RETAIN_SELF = YES;
				CLANG_WARN_OBJC_LITERAL_CONVERSION = YES;
				CLANG_WARN_OBJC_ROOT_CLASS = YES_ERROR;
				CLANG_WARN_QUOTED_INCLUDE_IN_FRAMEWORK_HEADER = YES;
				CLANG_WARN_RANGE_LOOP_ANALYSIS = YES;
				CLANG_WARN_STRICT_PROTOTYPES = YES;
				CLANG_WARN_SUSPICIOUS_MOVE = YES;
				CLANG_WARN_UNGUARDED_AVAILABILITY = YES_AGGRESSIVE;
				CLANG_WARN_UNREACHABLE_CODE = YES;
				CLANG_WARN__DUPLICATE_METHOD_MATCH = YES;
				COPY_PHASE_STRIP = NO;
				DEBUG_INFORMATION_FORMAT = "dwarf-with-dsym";
				ENABLE_NS_ASSERTIONS = NO;
				ENABLE_STRICT_OBJC_MSGSEND = YES;
				GCC_C_LANGUAGE_STANDARD = gnu11;
				GCC_NO_COMMON_BLOCKS = YES;
				GCC_WARN_64_TO_32_BIT_CONVERSION = YES;
				GCC_WARN_ABOUT_RETURN_TYPE = YES_ERROR;
				GCC_WARN_UNDECLARED_SELECTOR = YES;
				GCC_WARN_UNINITIALIZED_AUTOS = YES_AGGRESSIVE;
				GCC_WARN_UNUSED_FUNCTION = YES;
				GCC_WARN_UNUSED_VARIABLE = YES;
				IPHONEOS_DEPLOYMENT_TARGET = 16.4;
				MTL_ENABLE_DEBUG_INFO = NO;
				MTL_FAST_MATH = YES;
				SDKROOT = iphoneos;
				SWIFT_COMPILATION_MODE = wholemodule;
				SWIFT_OPTIMIZATION_LEVEL = "-O";
				VALIDATE_PRODUCT = YES;
			};
			name = Release;
		};
		2CDCEC662A0F7CFB009E6039 /* Debug */ = {
			isa = XCBuildConfiguration;
			buildSettings = {
				ASSETCATALOG_COMPILER_APPICON_NAME = AppIcon;
				ASSETCATALOG_COMPILER_GLOBAL_ACCENT_COLOR_NAME = AccentColor;
				CODE_SIGN_STYLE = Automatic;
				CURRENT_PROJECT_VERSION = 1;
				DEVELOPMENT_TEAM = JB8T59WMFR;
				GENERATE_INFOPLIST_FILE = YES;
				INFOPLIST_FILE = Toss_iOS/Info.plist;
				INFOPLIST_KEY_UIApplicationSupportsIndirectInputEvents = YES;
				INFOPLIST_KEY_UILaunchStoryboardName = LaunchScreen;
				INFOPLIST_KEY_UISupportedInterfaceOrientations_iPad = "UIInterfaceOrientationPortrait UIInterfaceOrientationPortraitUpsideDown UIInterfaceOrientationLandscapeLeft UIInterfaceOrientationLandscapeRight";
				INFOPLIST_KEY_UISupportedInterfaceOrientations_iPhone = "UIInterfaceOrientationPortrait UIInterfaceOrientationLandscapeLeft UIInterfaceOrientationLandscapeRight";
				IPHONEOS_DEPLOYMENT_TARGET = 16.0;
				LD_RUNPATH_SEARCH_PATHS = (
					"$(inherited)",
					"@executable_path/Frameworks",
				);
				MARKETING_VERSION = 1.0;
				PRODUCT_BUNDLE_IDENTIFIER = "tossiOS.Toss-iOS";
				PRODUCT_NAME = "$(TARGET_NAME)";
				SWIFT_EMIT_LOC_STRINGS = YES;
				SWIFT_VERSION = 5.0;
				TARGETED_DEVICE_FAMILY = "1,2";
			};
			name = Debug;
		};
		2CDCEC672A0F7CFB009E6039 /* Release */ = {
			isa = XCBuildConfiguration;
			buildSettings = {
				ASSETCATALOG_COMPILER_APPICON_NAME = AppIcon;
				ASSETCATALOG_COMPILER_GLOBAL_ACCENT_COLOR_NAME = AccentColor;
				CODE_SIGN_STYLE = Automatic;
				CURRENT_PROJECT_VERSION = 1;
				DEVELOPMENT_TEAM = JB8T59WMFR;
				GENERATE_INFOPLIST_FILE = YES;
				INFOPLIST_FILE = Toss_iOS/Info.plist;
				INFOPLIST_KEY_UIApplicationSupportsIndirectInputEvents = YES;
				INFOPLIST_KEY_UILaunchStoryboardName = LaunchScreen;
				INFOPLIST_KEY_UISupportedInterfaceOrientations_iPad = "UIInterfaceOrientationPortrait UIInterfaceOrientationPortraitUpsideDown UIInterfaceOrientationLandscapeLeft UIInterfaceOrientationLandscapeRight";
				INFOPLIST_KEY_UISupportedInterfaceOrientations_iPhone = "UIInterfaceOrientationPortrait UIInterfaceOrientationLandscapeLeft UIInterfaceOrientationLandscapeRight";
				IPHONEOS_DEPLOYMENT_TARGET = 16.0;
				LD_RUNPATH_SEARCH_PATHS = (
					"$(inherited)",
					"@executable_path/Frameworks",
				);
				MARKETING_VERSION = 1.0;
				PRODUCT_BUNDLE_IDENTIFIER = "tossiOS.Toss-iOS";
				PRODUCT_NAME = "$(TARGET_NAME)";
				SWIFT_EMIT_LOC_STRINGS = YES;
				SWIFT_VERSION = 5.0;
				TARGETED_DEVICE_FAMILY = "1,2";
			};
			name = Release;
		};
/* End XCBuildConfiguration section */

/* Begin XCConfigurationList section */
		2CDCEC4C2A0F7CFA009E6039 /* Build configuration list for PBXProject "Toss_iOS" */ = {
			isa = XCConfigurationList;
			buildConfigurations = (
				2CDCEC632A0F7CFB009E6039 /* Debug */,
				2CDCEC642A0F7CFB009E6039 /* Release */,
			);
			defaultConfigurationIsVisible = 0;
			defaultConfigurationName = Release;
		};
		2CDCEC652A0F7CFB009E6039 /* Build configuration list for PBXNativeTarget "Toss_iOS" */ = {
			isa = XCConfigurationList;
			buildConfigurations = (
				2CDCEC662A0F7CFB009E6039 /* Debug */,
				2CDCEC672A0F7CFB009E6039 /* Release */,
			);
			defaultConfigurationIsVisible = 0;
			defaultConfigurationName = Release;
		};
/* End XCConfigurationList section */

/* Begin XCRemoteSwiftPackageReference section */
		2CDCEC682A0F7D23009E6039 /* XCRemoteSwiftPackageReference "Alamofire" */ = {
			isa = XCRemoteSwiftPackageReference;
			repositoryURL = "https://github.com/Alamofire/Alamofire";
			requirement = {
				kind = upToNextMajorVersion;
				minimumVersion = 5.0.0;
			};
		};
		2CDCEC6B2A0F7D2D009E6039 /* XCRemoteSwiftPackageReference "SnapKit" */ = {
			isa = XCRemoteSwiftPackageReference;
			repositoryURL = "https://github.com/SnapKit/SnapKit";
			requirement = {
				kind = upToNextMajorVersion;
				minimumVersion = 5.0.0;
			};
		};
		2CDCEC6E2A0F7D37009E6039 /* XCRemoteSwiftPackageReference "Then" */ = {
			isa = XCRemoteSwiftPackageReference;
			repositoryURL = "https://github.com/devxoul/Then";
			requirement = {
				kind = upToNextMajorVersion;
				minimumVersion = 3.0.0;
			};
		};
		2CDCEC712A0F7D4F009E6039 /* XCRemoteSwiftPackageReference "Kingfisher" */ = {
			isa = XCRemoteSwiftPackageReference;
			repositoryURL = "https://github.com/onevcat/Kingfisher";
			requirement = {
				kind = upToNextMajorVersion;
				minimumVersion = 7.0.0;
			};
		};
/* End XCRemoteSwiftPackageReference section */

/* Begin XCSwiftPackageProductDependency section */
		2CDCEC692A0F7D23009E6039 /* Alamofire */ = {
			isa = XCSwiftPackageProductDependency;
			package = 2CDCEC682A0F7D23009E6039 /* XCRemoteSwiftPackageReference "Alamofire" */;
			productName = Alamofire;
		};
		2CDCEC6C2A0F7D2D009E6039 /* SnapKit */ = {
			isa = XCSwiftPackageProductDependency;
			package = 2CDCEC6B2A0F7D2D009E6039 /* XCRemoteSwiftPackageReference "SnapKit" */;
			productName = SnapKit;
		};
		2CDCEC6F2A0F7D37009E6039 /* Then */ = {
			isa = XCSwiftPackageProductDependency;
			package = 2CDCEC6E2A0F7D37009E6039 /* XCRemoteSwiftPackageReference "Then" */;
			productName = Then;
		};
		2CDCEC722A0F7D4F009E6039 /* Kingfisher */ = {
			isa = XCSwiftPackageProductDependency;
			package = 2CDCEC712A0F7D4F009E6039 /* XCRemoteSwiftPackageReference "Kingfisher" */;
			productName = Kingfisher;
		};
/* End XCSwiftPackageProductDependency section */
	};
	rootObject = 2CDCEC492A0F7CFA009E6039 /* Project object */;
}
